
Microsoft Visual Studio Solution File, Format Version 12.00
# Visual Studio Version 17
VisualStudioVersion = 17.2.32616.157
MinimumVisualStudioVersion = 10.0.40219.1
Project("{F184B08F-C81C-45F6-A57F-5ABD9991F28F}") = "French Numbers", "French Numbers\French Numbers.vbproj", "{B7CF8CA5-CDCD-4F86-9248-018FE4A80192}"
EndProject
Global
	GlobalSection(SolutionConfigurationPlatforms) = preSolution
		Debug|Any CPU = Debug|Any CPU
		Release|Any CPU = Release|Any CPU
	EndGlobalSection
	GlobalSection(ProjectConfigurationPlatforms) = postSolution
		{B7CF8CA5-CDCD-4F86-9248-018FE4A80192}.Debug|Any CPU.ActiveCfg = Debug|Any CPU
		{B7CF8CA5-CDCD-4F86-9248-018FE4A80192}.Debug|Any CPU.Build.0 = Debug|Any CPU
		{B7CF8CA5-CDCD-4F86-9248-018FE4A80192}.Release|Any CPU.ActiveCfg = Release|Any CPU
		{B7CF8CA5-CDCD-4F86-9248-018FE4A80192}.Release|Any CPU.Build.0 = Release|Any CPU
	EndGlobalSection
	GlobalSection(SolutionProperties) = preSolution
		HideSolutionNode = FALSE
	EndGlobalSection
	GlobalSection(ExtensibilityGlobals) = postSolution
		SolutionGuid = {EC26F5AC-A130-493D-B06E-A1ADD12903F7}
	EndGlobalSection
EndGlobal
